<?xml version="1.0" encoding="utf-8"?>
<Project ToolsVersion="4.0" xmlns="http://schemas.microsoft.com/developer/msbuild/2003">
  <ItemGroup>
    <Filter Include="00.CoreGlobal">
      <UniqueIdentifier>{a36ed90a-019d-4737-a235-015749f99d26}</UniqueIdentifier>
    </Filter>
    <Filter Include="00.CoreGlobal\00.CoreInclude">
      <UniqueIdentifier>{ec3ca700-be24-472b-a0e6-8e91a2b7d53a}</UniqueIdentifier>
    </Filter>
    <Filter Include="99.CoreTestManager">
      <UniqueIdentifier>{74bf5bce-abd6-4d07-acee-24db258a94ef}</UniqueIdentifier>
    </Filter>
    <Filter Include="01.CoreMemoryPoolManager">
      <UniqueIdentifier>{b4680988-879f-4979-be8e-66d439481c95}</UniqueIdentifier>
    </Filter>
    <Filter Include="01.CoreMemoryPoolManager\00.CoreMemoryPool">
      <UniqueIdentifier>{63ae1b6c-fbf6-44ba-926c-6b6c6b2afafd}</UniqueIdentifier>
    </Filter>
    <Filter Include="01.CoreMemoryPoolManager\01.CoreMemoryPoolObj">
      <UniqueIdentifier>{8124f67b-31b3-4621-b14e-f63891ff383d}</UniqueIdentifier>
    </Filter>
    <Filter Include="01.CoreMemoryPoolManager\02.CoreSharedPtr">
      <UniqueIdentifier>{688cc129-12fc-4a9b-a2dd-08ca28619241}</UniqueIdentifier>
    </Filter>
    <Filter Include="03.CoreLogManager">
      <UniqueIdentifier>{34d44c10-f932-4780-8666-683fc3d8bfe5}</UniqueIdentifier>
    </Filter>
    <Filter Include="03.CoreLogManager\00.CoreLogger">
      <UniqueIdentifier>{631da0dd-70fd-45ad-859e-ea5d8c2168ee}</UniqueIdentifier>
    </Filter>
    <Filter Include="03.CoreLogManager\00.CoreLogger\00.CoreConsoleLogger">
      <UniqueIdentifier>{66aa72bd-9ad9-45db-9278-075958441ecb}</UniqueIdentifier>
    </Filter>
    <Filter Include="03.CoreLogManager\00.CoreLogger\01.CoreFileLogger">
      <UniqueIdentifier>{2bdea757-69e0-4c49-809b-4e487932e88a}</UniqueIdentifier>
    </Filter>
    <Filter Include="04.CoreTimeManager">
      <UniqueIdentifier>{09895ad5-fd9d-4ff7-a219-4224f1aa0558}</UniqueIdentifier>
    </Filter>
    <Filter Include="05.CoreContainer">
      <UniqueIdentifier>{02ad79ac-3475-4755-9be8-67b388edbc63}</UniqueIdentifier>
    </Filter>
    <Filter Include="05.CoreContainer\00.CoreArray">
      <UniqueIdentifier>{7bcca1df-9f4e-401e-b082-b17ac00f0f9c}</UniqueIdentifier>
    </Filter>
    <Filter Include="05.CoreContainer\01.CoreVector">
      <UniqueIdentifier>{6e1f6c68-58b8-4555-bf2c-b02babf86a2f}</UniqueIdentifier>
    </Filter>
    <Filter Include="05.CoreContainer\02.CoreQueue">
      <UniqueIdentifier>{88aba5e9-dae2-4049-97a4-a8a4412209f7}</UniqueIdentifier>
    </Filter>
    <Filter Include="05.CoreContainer\02.CoreQueue\00.CorePriorityQueue">
      <UniqueIdentifier>{dc4f73c5-374b-4b97-9234-bd09b0fc3bc8}</UniqueIdentifier>
    </Filter>
    <Filter Include="05.CoreContainer\03.CoreList">
      <UniqueIdentifier>{1587ca71-a195-4544-9ba0-00ef1f07da8c}</UniqueIdentifier>
    </Filter>
    <Filter Include="06.CoreAlgorithm">
      <UniqueIdentifier>{1e09837c-370e-4ab3-9bcb-fbc5a836aede}</UniqueIdentifier>
    </Filter>
    <Filter Include="06.CoreAlgorithm\00.CoreSort">
      <UniqueIdentifier>{557aa9c6-11a7-4e3a-b80f-ae74aad9a0b9}</UniqueIdentifier>
    </Filter>
    <Filter Include="07.CoreRandomManager">
      <UniqueIdentifier>{180396e9-7d4c-42d5-97e2-4c11ce126108}</UniqueIdentifier>
    </Filter>
    <Filter Include="08.CoreLoadManager">
      <UniqueIdentifier>{82e1f301-ba5a-4dcc-afce-389a0a0722f5}</UniqueIdentifier>
    </Filter>
    <Filter Include="08.CoreLoadManager\00.CoreLoader">
      <UniqueIdentifier>{6b3c726f-f50e-4d02-8eb3-db97c6c1bf57}</UniqueIdentifier>
    </Filter>
    <Filter Include="08.CoreLoadManager\00.CoreLoader\00.CoreCSVLoader">
      <UniqueIdentifier>{f080eeb8-7095-480f-94c3-100ad5c51ada}</UniqueIdentifier>
    </Filter>
    <Filter Include="09.CoreDataTypeManager">
      <UniqueIdentifier>{b52ce057-cfce-428a-9fed-a5294bb2d1c0}</UniqueIdentifier>
    </Filter>
    <Filter Include="10.CoreStringManager">
      <UniqueIdentifier>{d453b0d1-67b7-4d90-83ff-e1c4b0c6be73}</UniqueIdentifier>
    </Filter>
    <Filter Include="11.CoreDelegate">
      <UniqueIdentifier>{2e99422f-7d28-4cf1-adaf-77c02a2e85c5}</UniqueIdentifier>
    </Filter>
    <Filter Include="11.CoreDelegate\00.CoreTimeDelegate">
      <UniqueIdentifier>{4849ed00-e527-493a-82f9-e3e59c6bf59c}</UniqueIdentifier>
    </Filter>
    <Filter Include="12.CoreThreadManager">
      <UniqueIdentifier>{065d0d35-036d-48d0-944e-6922fb433630}</UniqueIdentifier>
    </Filter>
    <Filter Include="13.CoreNetwork">
      <UniqueIdentifier>{dd6de2a1-ea8c-4835-9d03-2a49affabfd2}</UniqueIdentifier>
    </Filter>
    <Filter Include="13.CoreNetwork\00.CorePacket">
      <UniqueIdentifier>{5dc90fe8-f071-4ea6-a8a4-fb4e30595520}</UniqueIdentifier>
    </Filter>
    <Filter Include="13.CoreNetwork\01.CoreSession">
      <UniqueIdentifier>{dacddb96-b930-4c15-80c2-6ac67021b755}</UniqueIdentifier>
    </Filter>
    <Filter Include="13.CoreNetwork\01.CoreSession\00.CoreClientSession">
      <UniqueIdentifier>{7ed3c320-64a9-4ed5-b726-cafa29a204de}</UniqueIdentifier>
    </Filter>
    <Filter Include="13.CoreNetwork\01.CoreSession\01.CoreServerSession">
      <UniqueIdentifier>{9d319ec6-7a7f-4075-872a-6c1a6170eff0}</UniqueIdentifier>
    </Filter>
    <Filter Include="13.CoreNetwork\03.CoreServer">
      <UniqueIdentifier>{5726b343-6d6b-4e1f-b893-28b237416da3}</UniqueIdentifier>
    </Filter>
    <Filter Include="13.CoreNetwork\02.CoreClient">
      <UniqueIdentifier>{b9769e9e-5222-41f6-9ccb-2b1630f4425f}</UniqueIdentifier>
    </Filter>
    <Filter Include="14.CoreDB">
      <UniqueIdentifier>{df50df2a-38ce-4913-b168-5326863fa02a}</UniqueIdentifier>
    </Filter>
    <Filter Include="14.CoreDB\00.WorldDB">
      <UniqueIdentifier>{75de028a-93ad-44af-add4-c2687f155a65}</UniqueIdentifier>
    </Filter>
    <Filter Include="15.CoreAccountManager">
      <UniqueIdentifier>{967eeac4-f532-42f9-ae5c-6f9a77652c84}</UniqueIdentifier>
    </Filter>
    <Filter Include="15.CoreAccountManager\00.CoreAccount">
      <UniqueIdentifier>{69ba66b2-747c-4d2d-b089-6362038a66bd}</UniqueIdentifier>
    </Filter>
    <Filter Include="15.CoreAccountManager\00.CoreAccount\00.CoreCharacter">
      <UniqueIdentifier>{1e42db1d-5768-42ee-a611-551383616ad5}</UniqueIdentifier>
    </Filter>
    <Filter Include="08.CoreLoadManager\00.CoreLoader\00.CoreCSVLoader\00.CoreCSVMapLoader">
      <UniqueIdentifier>{3b266dd1-3037-430f-9483-d8d6394d2799}</UniqueIdentifier>
    </Filter>
    <Filter Include="02.CoreObject">
      <UniqueIdentifier>{47d62c0f-0939-4630-8b90-4a2ca7a1697b}</UniqueIdentifier>
    </Filter>
    <Filter Include="02.CoreObject\00.CoreUIDObject">
      <UniqueIdentifier>{f9650e8a-1a5e-41b4-a42f-7deb03629a24}</UniqueIdentifier>
    </Filter>
    <Filter Include="02.CoreObject\01.CoreGameObject">
      <UniqueIdentifier>{2b7305a6-e2e6-499a-9ae2-12481957682c}</UniqueIdentifier>
    </Filter>
    <Filter Include="00.CoreGlobal\02.CoreMacro">
      <UniqueIdentifier>{4ee8d6d0-f7bb-4482-a2d0-2111480cdc77}</UniqueIdentifier>
    </Filter>
    <Filter Include="00.CoreGlobal\02.CoreMacro\00.CoreSingletonMacro">
      <UniqueIdentifier>{10102ac8-e117-4804-931c-0ed3fc3ff9fa}</UniqueIdentifier>
    </Filter>
    <Filter Include="00.CoreGlobal\03.CoreDataType">
      <UniqueIdentifier>{ac7d9ce2-5bcd-4f95-9811-e77ec7d054be}</UniqueIdentifier>
    </Filter>
    <Filter Include="00.CoreGlobal\01.CoreUtil">
      <UniqueIdentifier>{3451ecca-2b2e-4d15-a091-7d72470f5cdf}</UniqueIdentifier>
    </Filter>
    <Filter Include="16.CoreDataManager">
      <UniqueIdentifier>{3f99c66b-f644-4afd-af27-a1eebb6a3d26}</UniqueIdentifier>
    </Filter>
    <Filter Include="00.CoreGlobal\00.CoreInclude\00.FlatBuffer">
      <UniqueIdentifier>{f259cd75-c357-4fcf-aba8-eb8e14f70592}</UniqueIdentifier>
    </Filter>
    <Filter Include="16.CoreDataManager\01.CoreItemDataManager">
      <UniqueIdentifier>{bde5ef1a-9993-42e0-8b58-b0b15bb14e31}</UniqueIdentifier>
    </Filter>
    <Filter Include="16.CoreDataManager\00.CoreAbilityDataManager">
      <UniqueIdentifier>{726c9f35-6aa9-459d-bc44-b69016c8ed8d}</UniqueIdentifier>
    </Filter>
  </ItemGroup>
  <ItemGroup>
    <ClCompile Include="CoreTimeManager.cpp">
      <Filter>04.CoreTimeManager</Filter>
    </ClCompile>
    <ClCompile Include="CoreLogger.cpp">
      <Filter>03.CoreLogManager\00.CoreLogger</Filter>
    </ClCompile>
    <ClCompile Include="CoreConsoleLogger.cpp">
      <Filter>03.CoreLogManager\00.CoreLogger\00.CoreConsoleLogger</Filter>
    </ClCompile>
    <ClCompile Include="CoreFileLogger.cpp">
      <Filter>03.CoreLogManager\00.CoreLogger\01.CoreFileLogger</Filter>
    </ClCompile>
    <ClCompile Include="CoreTestManager.cpp">
      <Filter>99.CoreTestManager</Filter>
    </ClCompile>
    <ClCompile Include="CoreLoader.cpp">
      <Filter>08.CoreLoadManager\00.CoreLoader</Filter>
    </ClCompile>
    <ClCompile Include="CoreDataTypeManager.cpp">
      <Filter>09.CoreDataTypeManager</Filter>
    </ClCompile>
    <ClCompile Include="CoreStringManager.cpp">
      <Filter>10.CoreStringManager</Filter>
    </ClCompile>
    <ClCompile Include="CoreCSVLoader.cpp">
      <Filter>08.CoreLoadManager\00.CoreLoader\00.CoreCSVLoader</Filter>
    </ClCompile>
    <ClCompile Include="CoreTimeDelegateManager.cpp">
      <Filter>11.CoreDelegate\00.CoreTimeDelegate</Filter>
    </ClCompile>
    <ClCompile Include="CoreThreadManager.cpp">
      <Filter>12.CoreThreadManager</Filter>
    </ClCompile>
    <ClCompile Include="CorePacket.cpp">
      <Filter>13.CoreNetwork\00.CorePacket</Filter>
    </ClCompile>
    <ClCompile Include="CoreClientSession.cpp">
      <Filter>13.CoreNetwork\01.CoreSession\00.CoreClientSession</Filter>
    </ClCompile>
    <ClCompile Include="CoreSession.cpp">
      <Filter>13.CoreNetwork\01.CoreSession</Filter>
    </ClCompile>
    <ClCompile Include="CoreServerSession.cpp">
      <Filter>13.CoreNetwork\01.CoreSession\01.CoreServerSession</Filter>
    </ClCompile>
    <ClCompile Include="CoreServer.cpp">
      <Filter>13.CoreNetwork\03.CoreServer</Filter>
    </ClCompile>
    <ClCompile Include="CoreClient.cpp">
      <Filter>13.CoreNetwork\02.CoreClient</Filter>
    </ClCompile>
    <ClCompile Include="CoreDB.cpp">
      <Filter>14.CoreDB</Filter>
    </ClCompile>
    <ClCompile Include="WorldDB.cpp">
      <Filter>14.CoreDB\00.WorldDB</Filter>
    </ClCompile>
    <ClCompile Include="CoreAccountManager.cpp">
      <Filter>15.CoreAccountManager</Filter>
    </ClCompile>
    <ClCompile Include="CoreAccount.cpp">
      <Filter>15.CoreAccountManager\00.CoreAccount</Filter>
    </ClCompile>
    <ClCompile Include="CoreCharacter.cpp">
      <Filter>15.CoreAccountManager\00.CoreAccount\00.CoreCharacter</Filter>
    </ClCompile>
    <ClCompile Include="CoreCSVMapLoader.cpp">
      <Filter>08.CoreLoadManager\00.CoreLoader\00.CoreCSVLoader\00.CoreCSVMapLoader</Filter>
    </ClCompile>
    <ClCompile Include="CoreUIDObject.cpp">
      <Filter>02.CoreObject\00.CoreUIDObject</Filter>
    </ClCompile>
    <ClCompile Include="CoreGameObject.cpp">
      <Filter>02.CoreObject\01.CoreGameObject</Filter>
    </ClCompile>
    <ClCompile Include="CoreUtil.cpp">
      <Filter>00.CoreGlobal\01.CoreUtil</Filter>
    </ClCompile>
    <ClCompile Include="CoreItemDataManager.cpp">
      <Filter>16.CoreDataManager\01.CoreItemDataManager</Filter>
    </ClCompile>
    <ClCompile Include="native_info_impl.cpp">
      <Filter>00.CoreGlobal\00.CoreInclude\00.FlatBuffer</Filter>
    </ClCompile>
    <ClCompile Include="CoreAbilityDataManager.cpp">
      <Filter>16.CoreDataManager\00.CoreAbilityDataManager</Filter>
    </ClCompile>
  </ItemGroup>
  <ItemGroup>
    <ClInclude Include="CoreInclude.h">
      <Filter>00.CoreGlobal\00.CoreInclude</Filter>
    </ClInclude>
    <ClInclude Include="CoreArray.h">
      <Filter>05.CoreContainer\00.CoreArray</Filter>
    </ClInclude>
    <ClInclude Include="CoreArray.hpp">
      <Filter>05.CoreContainer\00.CoreArray</Filter>
    </ClInclude>
    <ClInclude Include="CoreMacro.h">
      <Filter>00.CoreGlobal\02.CoreMacro</Filter>
    </ClInclude>
    <ClInclude Include="CoreDataType.h">
      <Filter>00.CoreGlobal\03.CoreDataType</Filter>
    </ClInclude>
    <ClInclude Include="CoreTimeManager.h">
      <Filter>04.CoreTimeManager</Filter>
    </ClInclude>
    <ClInclude Include="CoreSingletonMacro.h">
      <Filter>00.CoreGlobal\02.CoreMacro\00.CoreSingletonMacro</Filter>
    </ClInclude>
    <ClInclude Include="CoreLogManager.h">
      <Filter>03.CoreLogManager</Filter>
    </ClInclude>
    <ClInclude Include="CoreLogger.h">
      <Filter>03.CoreLogManager\00.CoreLogger</Filter>
    </ClInclude>
    <ClInclude Include="CoreObject.h">
      <Filter>02.CoreObject</Filter>
    </ClInclude>
    <ClInclude Include="CoreLogInclude.h">
      <Filter>03.CoreLogManager\00.CoreLogger</Filter>
    </ClInclude>
    <ClInclude Include="CoreConsoleLogger.h">
      <Filter>03.CoreLogManager\00.CoreLogger\00.CoreConsoleLogger</Filter>
    </ClInclude>
    <ClInclude Include="CoreFileLogger.h">
      <Filter>03.CoreLogManager\00.CoreLogger\01.CoreFileLogger</Filter>
    </ClInclude>
    <ClInclude Include="CoreMemoryPool.h">
      <Filter>01.CoreMemoryPoolManager\00.CoreMemoryPool</Filter>
    </ClInclude>
    <ClInclude Include="CoreMemoryPoolManager.h">
      <Filter>01.CoreMemoryPoolManager</Filter>
    </ClInclude>
    <ClInclude Include="CoreRandomManager.h">
      <Filter>07.CoreRandomManager</Filter>
    </ClInclude>
    <ClInclude Include="CoreMemoryPoolManager.hpp">
      <Filter>01.CoreMemoryPoolManager</Filter>
    </ClInclude>
    <ClInclude Include="CoreMemoryPool.hpp">
      <Filter>01.CoreMemoryPoolManager\00.CoreMemoryPool</Filter>
    </ClInclude>
    <ClInclude Include="CoreContainer.h">
      <Filter>05.CoreContainer</Filter>
    </ClInclude>
    <ClInclude Include="CoreSort.h">
      <Filter>06.CoreAlgorithm\00.CoreSort</Filter>
    </ClInclude>
    <ClInclude Include="CoreSort.hpp">
      <Filter>06.CoreAlgorithm\00.CoreSort</Filter>
    </ClInclude>
    <ClInclude Include="CoreAlgorithm.h">
      <Filter>06.CoreAlgorithm</Filter>
    </ClInclude>
    <ClInclude Include="CoreVector.h">
      <Filter>05.CoreContainer\01.CoreVector</Filter>
    </ClInclude>
    <ClInclude Include="CoreVector.hpp">
      <Filter>05.CoreContainer\01.CoreVector</Filter>
    </ClInclude>
    <ClInclude Include="CoreNode.h">
      <Filter>05.CoreContainer</Filter>
    </ClInclude>
    <ClInclude Include="CoreList.h">
      <Filter>05.CoreContainer\03.CoreList</Filter>
    </ClInclude>
    <ClInclude Include="CoreList.hpp">
      <Filter>05.CoreContainer\03.CoreList</Filter>
    </ClInclude>
    <ClInclude Include="CoreTestManager.h">
      <Filter>99.CoreTestManager</Filter>
    </ClInclude>
    <ClInclude Include="CoreLoadManager.h">
      <Filter>08.CoreLoadManager</Filter>
    </ClInclude>
    <ClInclude Include="CoreLoader.h">
      <Filter>08.CoreLoadManager\00.CoreLoader</Filter>
    </ClInclude>
    <ClInclude Include="CoreDataTypeManager.h">
      <Filter>09.CoreDataTypeManager</Filter>
    </ClInclude>
    <ClInclude Include="CoreStringManager.h">
      <Filter>10.CoreStringManager</Filter>
    </ClInclude>
    <ClInclude Include="CoreCSVLoader.h">
      <Filter>08.CoreLoadManager\00.CoreLoader\00.CoreCSVLoader</Filter>
    </ClInclude>
    <ClInclude Include="CoreQueue.h">
      <Filter>05.CoreContainer\02.CoreQueue</Filter>
    </ClInclude>
    <ClInclude Include="CoreQueue.hpp">
      <Filter>05.CoreContainer\02.CoreQueue</Filter>
    </ClInclude>
    <ClInclude Include="CorePriorityQueue.h">
      <Filter>05.CoreContainer\02.CoreQueue\00.CorePriorityQueue</Filter>
    </ClInclude>
    <ClInclude Include="CorePriorityQueue.hpp">
      <Filter>05.CoreContainer\02.CoreQueue\00.CorePriorityQueue</Filter>
    </ClInclude>
    <ClInclude Include="CoreDelegate.h">
      <Filter>11.CoreDelegate</Filter>
    </ClInclude>
    <ClInclude Include="CoreTimeDelegate.h">
      <Filter>11.CoreDelegate\00.CoreTimeDelegate</Filter>
    </ClInclude>
    <ClInclude Include="CoreSharedPtr.h">
      <Filter>01.CoreMemoryPoolManager\02.CoreSharedPtr</Filter>
    </ClInclude>
    <ClInclude Include="CoreSharedPtr.hpp">
      <Filter>01.CoreMemoryPoolManager\02.CoreSharedPtr</Filter>
    </ClInclude>
    <ClInclude Include="CoreMemoryPoolObj.h">
      <Filter>01.CoreMemoryPoolManager\01.CoreMemoryPoolObj</Filter>
    </ClInclude>
    <ClInclude Include="CoreMemoryPoolObj.hpp">
      <Filter>01.CoreMemoryPoolManager\01.CoreMemoryPoolObj</Filter>
    </ClInclude>
    <ClInclude Include="CoreTimeDelegateManager.h">
      <Filter>11.CoreDelegate\00.CoreTimeDelegate</Filter>
    </ClInclude>
    <ClInclude Include="CoreThreadManager.h">
      <Filter>12.CoreThreadManager</Filter>
    </ClInclude>
    <ClInclude Include="CorePacket.h">
      <Filter>13.CoreNetwork\00.CorePacket</Filter>
    </ClInclude>
    <ClInclude Include="CoreClientSession.h">
      <Filter>13.CoreNetwork\01.CoreSession\00.CoreClientSession</Filter>
    </ClInclude>
    <ClInclude Include="CoreSession.h">
      <Filter>13.CoreNetwork\01.CoreSession</Filter>
    </ClInclude>
    <ClInclude Include="CoreServerSession.h">
      <Filter>13.CoreNetwork\01.CoreSession\01.CoreServerSession</Filter>
    </ClInclude>
    <ClInclude Include="CoreServer.h">
      <Filter>13.CoreNetwork\03.CoreServer</Filter>
    </ClInclude>
    <ClInclude Include="CoreClient.h">
      <Filter>13.CoreNetwork\02.CoreClient</Filter>
    </ClInclude>
    <ClInclude Include="CoreDB.h">
      <Filter>14.CoreDB</Filter>
    </ClInclude>
    <ClInclude Include="WorldDB.h">
      <Filter>14.CoreDB\00.WorldDB</Filter>
    </ClInclude>
    <ClInclude Include="CoreAccountManager.h">
      <Filter>15.CoreAccountManager</Filter>
    </ClInclude>
    <ClInclude Include="CoreAccount.h">
      <Filter>15.CoreAccountManager\00.CoreAccount</Filter>
    </ClInclude>
    <ClInclude Include="CoreCharacter.h">
      <Filter>15.CoreAccountManager\00.CoreAccount\00.CoreCharacter</Filter>
    </ClInclude>
    <ClInclude Include="CoreCSVMapLoader.h">
      <Filter>08.CoreLoadManager\00.CoreLoader\00.CoreCSVLoader\00.CoreCSVMapLoader</Filter>
    </ClInclude>
    <ClInclude Include="CoreGameObject.h">
      <Filter>02.CoreObject\01.CoreGameObject</Filter>
    </ClInclude>
    <ClInclude Include="CoreUIDObject.h">
      <Filter>02.CoreObject\00.CoreUIDObject</Filter>
    </ClInclude>
    <ClInclude Include="CoreUtil.h">
      <Filter>00.CoreGlobal\01.CoreUtil</Filter>
    </ClInclude>
    <ClInclude Include="CoreItemData.h">
      <Filter>16.CoreDataManager\01.CoreItemDataManager</Filter>
    </ClInclude>
    <ClInclude Include="CoreItemDataManager.h">
      <Filter>16.CoreDataManager\01.CoreItemDataManager</Filter>
    </ClInclude>
    <ClInclude Include="define_protocol_generated.h">
      <Filter>00.CoreGlobal\00.CoreInclude\00.FlatBuffer</Filter>
    </ClInclude>
    <ClInclude Include="info_protocol_generated.h">
      <Filter>00.CoreGlobal\00.CoreInclude\00.FlatBuffer</Filter>
    </ClInclude>
    <ClInclude Include="native_info_impl.h">
      <Filter>00.CoreGlobal\00.CoreInclude\00.FlatBuffer</Filter>
    </ClInclude>
    <ClInclude Include="login_protocol_generated.h">
      <Filter>00.CoreGlobal\00.CoreInclude\00.FlatBuffer</Filter>
    </ClInclude>
    <ClInclude Include="game_protocol_generated.h">
      <Filter>00.CoreGlobal\00.CoreInclude\00.FlatBuffer</Filter>
    </ClInclude>
    <ClInclude Include="CoreAbilityDataManager.h">
      <Filter>16.CoreDataManager\00.CoreAbilityDataManager</Filter>
    </ClInclude>
    <ClInclude Include="CoreAbilityData.h">
      <Filter>16.CoreDataManager\00.CoreAbilityDataManager</Filter>
    </ClInclude>
  </ItemGroup>
  <ItemGroup>
    <None Include="packages.config" />
    <None Include="ClassDiagram1.cd" />
  </ItemGroup>
</Project>