<?xml version="1.0" encoding="utf-8"?>
<Project ToolsVersion="4.0" xmlns="http://schemas.microsoft.com/developer/msbuild/2003">
  <ItemGroup>
    <Filter Include="00.Include">
      <UniqueIdentifier>{8ae72a1a-5b43-4e6b-9036-abc2a21c64ab}</UniqueIdentifier>
    </Filter>
    <Filter Include="01.Main">
      <UniqueIdentifier>{35b15909-75b2-44bf-8f50-d08cc7669856}</UniqueIdentifier>
    </Filter>
    <Filter Include="03.DataManager">
      <UniqueIdentifier>{db085e40-1991-4de2-be7d-7d00be0559d6}</UniqueIdentifier>
    </Filter>
    <Filter Include="04.Packet">
      <UniqueIdentifier>{adb8ddea-4059-4358-ade1-e9454d51bb9a}</UniqueIdentifier>
    </Filter>
    <Filter Include="04.Packet\00.FlatBuffer">
      <UniqueIdentifier>{82466a53-4571-41da-918c-2070a1358473}</UniqueIdentifier>
    </Filter>
    <Filter Include="02.DummyClient">
      <UniqueIdentifier>{4b05fb9b-f643-4208-9680-d2b7752f8061}</UniqueIdentifier>
    </Filter>
    <Filter Include="02.DummyClient\00.LoginClient">
      <UniqueIdentifier>{bcf15642-f8be-41ab-837e-0e0070819129}</UniqueIdentifier>
    </Filter>
    <Filter Include="02.DummyClient\01.GameClient">
      <UniqueIdentifier>{96c810db-66af-440f-a27f-b03b939a6f97}</UniqueIdentifier>
    </Filter>
    <Filter Include="04.Packet\01.Login">
      <UniqueIdentifier>{d3a03569-1e12-472e-91d9-d8b3b15df546}</UniqueIdentifier>
    </Filter>
    <Filter Include="04.Packet\01.Login\00.LoginPacketSendManager">
      <UniqueIdentifier>{a9dcc120-dede-4f6c-9788-c043daf1a621}</UniqueIdentifier>
    </Filter>
    <Filter Include="04.Packet\01.Login\01.LoginPacketHandler">
      <UniqueIdentifier>{2b43e67d-d5aa-4cac-9208-0851350af7fb}</UniqueIdentifier>
    </Filter>
    <Filter Include="04.Packet\01.Login\02.LoginPacketFunc">
      <UniqueIdentifier>{5858db9b-2a77-4f97-8bdb-2965824a0755}</UniqueIdentifier>
    </Filter>
    <Filter Include="04.Packet\02.Game">
      <UniqueIdentifier>{d3ef1cd8-fee7-4241-8a2a-02deed7e5773}</UniqueIdentifier>
    </Filter>
    <Filter Include="04.Packet\02.Game\01.GamePacketHandler">
      <UniqueIdentifier>{bab1c228-f81a-4524-849e-30f37d6070f7}</UniqueIdentifier>
    </Filter>
    <Filter Include="04.Packet\02.Game\02.GamePacketFunc">
      <UniqueIdentifier>{0b778297-8292-4dfe-af01-37aca147dda6}</UniqueIdentifier>
    </Filter>
    <Filter Include="04.Packet\02.Game\00.GamePacketSendManager">
      <UniqueIdentifier>{ff0e14f4-5f20-46b2-848b-781c6308a0ba}</UniqueIdentifier>
    </Filter>
    <Filter Include="04.Packet\01.Login\03.Character">
      <UniqueIdentifier>{447ca882-1f88-4679-b281-8feb9889c0d2}</UniqueIdentifier>
    </Filter>
    <Filter Include="03.DataManager\00.Character">
      <UniqueIdentifier>{d489d1da-ae0d-4377-89ba-4cfbe6ed689d}</UniqueIdentifier>
    </Filter>
    <Filter Include="06.Object">
      <UniqueIdentifier>{ed6246d2-74f5-4d6f-bf4f-1d5e17d0266a}</UniqueIdentifier>
    </Filter>
    <Filter Include="06.Object\00.Creature">
      <UniqueIdentifier>{e5d16448-389b-4031-bbd8-ddbc33ebe263}</UniqueIdentifier>
    </Filter>
    <Filter Include="06.Object\00.Creature\00.Player">
      <UniqueIdentifier>{2d55d902-77ce-4ef2-8d4b-761710dec162}</UniqueIdentifier>
    </Filter>
    <Filter Include="06.Object\01.Projectile">
      <UniqueIdentifier>{0ce8a495-c588-48b9-a3ce-2825c365b10d}</UniqueIdentifier>
    </Filter>
    <Filter Include="06.Object\01.Projectile\00.Arrow">
      <UniqueIdentifier>{e10a1224-20f4-41ae-8054-b9110858cb7f}</UniqueIdentifier>
    </Filter>
    <Filter Include="05.Skill">
      <UniqueIdentifier>{f32e0a42-8310-4c8c-a425-cb36a927ff3a}</UniqueIdentifier>
    </Filter>
    <Filter Include="05.Skill\00.ProjectileSkill">
      <UniqueIdentifier>{fd107152-9acb-47a0-9ad5-4e2744071f52}</UniqueIdentifier>
    </Filter>
    <Filter Include="04.Packet\03.WebManager">
      <UniqueIdentifier>{357ff0e7-d613-492c-8443-e46eb9e3cc94}</UniqueIdentifier>
    </Filter>
    <Filter Include="06.Object\00.Creature\00.Player\00.MyPlayer">
      <UniqueIdentifier>{d6d770bf-eb36-44fe-9aab-f53c68fcbca1}</UniqueIdentifier>
    </Filter>
    <Filter Include="06.Object\00.Creature\00.Player\01.OtherPlayer">
      <UniqueIdentifier>{bc55109c-8d76-467d-b995-5470fa8b5b7b}</UniqueIdentifier>
    </Filter>
  </ItemGroup>
  <ItemGroup>
    <ClCompile Include="Main.cpp">
      <Filter>01.Main</Filter>
    </ClCompile>
    <ClCompile Include="LoginPacketFunc.cpp">
      <Filter>04.Packet\01.Login\02.LoginPacketFunc</Filter>
    </ClCompile>
    <ClCompile Include="DummyClientManager.cpp">
      <Filter>02.DummyClient</Filter>
    </ClCompile>
    <ClCompile Include="native_info_impl.cpp">
      <Filter>04.Packet\00.FlatBuffer</Filter>
    </ClCompile>
    <ClCompile Include="WebManager.cpp">
      <Filter>04.Packet\03.WebManager</Filter>
    </ClCompile>
    <ClCompile Include="LoginClient.cpp">
      <Filter>02.DummyClient\00.LoginClient</Filter>
    </ClCompile>
    <ClCompile Include="GameClient.cpp">
      <Filter>02.DummyClient\01.GameClient</Filter>
    </ClCompile>
    <ClCompile Include="GamePacketHandler.cpp">
      <Filter>04.Packet\02.Game\01.GamePacketHandler</Filter>
    </ClCompile>
    <ClCompile Include="GamePacketFunc.cpp">
      <Filter>04.Packet\02.Game\02.GamePacketFunc</Filter>
    </ClCompile>
    <ClCompile Include="LoginPacketSendManager.cpp">
      <Filter>04.Packet\01.Login\00.LoginPacketSendManager</Filter>
    </ClCompile>
    <ClCompile Include="LoginPacketHandler.cpp">
      <Filter>04.Packet\01.Login\01.LoginPacketHandler</Filter>
    </ClCompile>
    <ClCompile Include="GamePacketSendManager.cpp">
      <Filter>04.Packet\02.Game\00.GamePacketSendManager</Filter>
    </ClCompile>
    <ClCompile Include="Object.cpp">
      <Filter>06.Object</Filter>
    </ClCompile>
    <ClCompile Include="ObjectManager.cpp">
      <Filter>06.Object</Filter>
    </ClCompile>
    <ClCompile Include="Arrow.cpp">
      <Filter>06.Object\01.Projectile\00.Arrow</Filter>
    </ClCompile>
    <ClCompile Include="Projectile.cpp">
      <Filter>06.Object\01.Projectile</Filter>
    </ClCompile>
    <ClCompile Include="Creature.cpp">
      <Filter>06.Object\00.Creature</Filter>
    </ClCompile>
    <ClCompile Include="Player.cpp">
      <Filter>06.Object\00.Creature\00.Player</Filter>
    </ClCompile>
    <ClCompile Include="Character.cpp">
      <Filter>04.Packet\01.Login\03.Character</Filter>
    </ClCompile>
    <ClCompile Include="CharacterDataManager.cpp">
      <Filter>03.DataManager\00.Character</Filter>
    </ClCompile>
    <ClCompile Include="Skill.cpp">
      <Filter>05.Skill</Filter>
    </ClCompile>
    <ClCompile Include="ProjectileSkill.cpp">
      <Filter>05.Skill\00.ProjectileSkill</Filter>
    </ClCompile>
    <ClCompile Include="MyPlayer.cpp">
      <Filter>06.Object\00.Creature\00.Player\00.MyPlayer</Filter>
    </ClCompile>
    <ClCompile Include="OtherPlayer.cpp">
      <Filter>06.Object\00.Creature\00.Player\01.OtherPlayer</Filter>
    </ClCompile>
  </ItemGroup>
  <ItemGroup>
    <ClInclude Include="Include.h">
      <Filter>00.Include</Filter>
    </ClInclude>
    <ClInclude Include="login_protocol_generated.h">
      <Filter>04.Packet\00.FlatBuffer</Filter>
    </ClInclude>
    <ClInclude Include="LoginPacketFunc.h">
      <Filter>04.Packet\01.Login\02.LoginPacketFunc</Filter>
    </ClInclude>
    <ClInclude Include="DummyClientManager.h">
      <Filter>02.DummyClient</Filter>
    </ClInclude>
    <ClInclude Include="define_protocol_generated.h">
      <Filter>04.Packet\00.FlatBuffer</Filter>
    </ClInclude>
    <ClInclude Include="info_protocol_generated.h">
      <Filter>04.Packet\00.FlatBuffer</Filter>
    </ClInclude>
    <ClInclude Include="native_info_impl.h">
      <Filter>04.Packet\00.FlatBuffer</Filter>
    </ClInclude>
    <ClInclude Include="CharacterData.h">
      <Filter>03.DataManager\00.Character</Filter>
    </ClInclude>
    <ClInclude Include="WebManager.h">
      <Filter>04.Packet\03.WebManager</Filter>
    </ClInclude>
    <ClInclude Include="LoginClient.h">
      <Filter>02.DummyClient\00.LoginClient</Filter>
    </ClInclude>
    <ClInclude Include="GameClient.h">
      <Filter>02.DummyClient\01.GameClient</Filter>
    </ClInclude>
    <ClInclude Include="GamePacketHandler.h">
      <Filter>04.Packet\02.Game\01.GamePacketHandler</Filter>
    </ClInclude>
    <ClInclude Include="GamePacketFunc.h">
      <Filter>04.Packet\02.Game\02.GamePacketFunc</Filter>
    </ClInclude>
    <ClInclude Include="LoginPacketSendManager.h">
      <Filter>04.Packet\01.Login\00.LoginPacketSendManager</Filter>
    </ClInclude>
    <ClInclude Include="LoginPacketHandler.h">
      <Filter>04.Packet\01.Login\01.LoginPacketHandler</Filter>
    </ClInclude>
    <ClInclude Include="GamePacketSendManager.h">
      <Filter>04.Packet\02.Game\00.GamePacketSendManager</Filter>
    </ClInclude>
    <ClInclude Include="ObjectManager.h">
      <Filter>06.Object</Filter>
    </ClInclude>
    <ClInclude Include="Object.h">
      <Filter>06.Object</Filter>
    </ClInclude>
    <ClInclude Include="Arrow.h">
      <Filter>06.Object\01.Projectile\00.Arrow</Filter>
    </ClInclude>
    <ClInclude Include="Projectile.h">
      <Filter>06.Object\01.Projectile</Filter>
    </ClInclude>
    <ClInclude Include="Creature.h">
      <Filter>06.Object\00.Creature</Filter>
    </ClInclude>
    <ClInclude Include="Player.h">
      <Filter>06.Object\00.Creature\00.Player</Filter>
    </ClInclude>
    <ClInclude Include="Character.h">
      <Filter>04.Packet\01.Login\03.Character</Filter>
    </ClInclude>
    <ClInclude Include="CharacterDataManager.h">
      <Filter>03.DataManager\00.Character</Filter>
    </ClInclude>
    <ClInclude Include="Skill.h">
      <Filter>05.Skill</Filter>
    </ClInclude>
    <ClInclude Include="ProjectileSkill.h">
      <Filter>05.Skill\00.ProjectileSkill</Filter>
    </ClInclude>
    <ClInclude Include="MyPlayer.h">
      <Filter>06.Object\00.Creature\00.Player\00.MyPlayer</Filter>
    </ClInclude>
    <ClInclude Include="OtherPlayer.h">
      <Filter>06.Object\00.Creature\00.Player\01.OtherPlayer</Filter>
    </ClInclude>
  </ItemGroup>
  <ItemGroup>
    <None Include="packages.config" />
    <None Include="cpp.hint" />
  </ItemGroup>
</Project>